
Microsoft Visual Studio Solution File, Format Version 12.00
# Visual Studio 15
VisualStudioVersion = 15.0.26228.12
MinimumVisualStudioVersion = 10.0.40219.1
Project("{FAE04EC0-301F-11D3-BF4B-00C04F79EFBC}") = "CodeDuplicates", "CodeDuplicates\CodeDuplicates.csproj", "{8F3DFA50-5E86-4DBF-B871-8166E3924027}"
EndProject
Project("{2150E333-8FDC-42A3-9474-1A3956D46DE8}") = "Solution Items", "Solution Items", "{AF6410E1-C0DE-4266-B818-664B636E5D27}"
	ProjectSection(SolutionItems) = preProject
		ccmconfig.xml = ccmconfig.xml
		LICENSE.txt = LICENSE.txt
	EndProjectSection
EndProject
Project("{FAE04EC0-301F-11D3-BF4B-00C04F79EFBC}") = "CCMTest", "CCMTest\CCMTest.csproj", "{0094C04E-3130-4E72-8697-FBEE9F2FF7B8}"
EndProject
Project("{F184B08F-C81C-45F6-A57F-5ABD9991F28F}") = "ClassLibrary1", "ClassLibrary1\ClassLibrary1.vbproj", "{7CF9ED02-5587-48FF-A1E7-F989536273BC}"
EndProject
Global
	GlobalSection(SolutionConfigurationPlatforms) = preSolution
		Debug|Any CPU = Debug|Any CPU
		Release|Any CPU = Release|Any CPU
	EndGlobalSection
	GlobalSection(ProjectConfigurationPlatforms) = postSolution
		{8F3DFA50-5E86-4DBF-B871-8166E3924027}.Debug|Any CPU.ActiveCfg = Debug|Any CPU
		{8F3DFA50-5E86-4DBF-B871-8166E3924027}.Debug|Any CPU.Build.0 = Debug|Any CPU
		{8F3DFA50-5E86-4DBF-B871-8166E3924027}.Release|Any CPU.ActiveCfg = Release|Any CPU
		{8F3DFA50-5E86-4DBF-B871-8166E3924027}.Release|Any CPU.Build.0 = Release|Any CPU
		{0094C04E-3130-4E72-8697-FBEE9F2FF7B8}.Debug|Any CPU.ActiveCfg = Debug|Any CPU
		{0094C04E-3130-4E72-8697-FBEE9F2FF7B8}.Debug|Any CPU.Build.0 = Debug|Any CPU
		{0094C04E-3130-4E72-8697-FBEE9F2FF7B8}.Release|Any CPU.ActiveCfg = Release|Any CPU
		{0094C04E-3130-4E72-8697-FBEE9F2FF7B8}.Release|Any CPU.Build.0 = Release|Any CPU
		{7CF9ED02-5587-48FF-A1E7-F989536273BC}.Debug|Any CPU.ActiveCfg = Debug|Any CPU
		{7CF9ED02-5587-48FF-A1E7-F989536273BC}.Debug|Any CPU.Build.0 = Debug|Any CPU
		{7CF9ED02-5587-48FF-A1E7-F989536273BC}.Release|Any CPU.ActiveCfg = Release|Any CPU
		{7CF9ED02-5587-48FF-A1E7-F989536273BC}.Release|Any CPU.Build.0 = Release|Any CPU
	EndGlobalSection
	GlobalSection(SolutionProperties) = preSolution
		HideSolutionNode = FALSE
	EndGlobalSection
EndGlobal
